// !$*UTF8*$!
{
	archiveVersion = 1;
	classes = {
	};
	objectVersion = 56;
	objects = {

/* Begin PBXBuildFile section */
		9002446229267EEE00F62852 /* ToDoist_RedesignApp.swift in Sources */ = {isa = PBXBuildFile; fileRef = 9002446129267EEE00F62852 /* ToDoist_RedesignApp.swift */; };
		9002446429267EEE00F62852 /* ContentView.swift in Sources */ = {isa = PBXBuildFile; fileRef = 9002446329267EEE00F62852 /* ContentView.swift */; };
		9002446629267EEF00F62852 /* Assets.xcassets in Resources */ = {isa = PBXBuildFile; fileRef = 9002446529267EEF00F62852 /* Assets.xcassets */; };
		9002446929267EEF00F62852 /* Preview Assets.xcassets in Resources */ = {isa = PBXBuildFile; fileRef = 9002446829267EEF00F62852 /* Preview Assets.xcassets */; };
		9010B266292D3D2F00D1D1C5 /* Checkbox.swift in Sources */ = {isa = PBXBuildFile; fileRef = 9010B265292D3D2F00D1D1C5 /* Checkbox.swift */; };
		90C3872E292EBA7800284671 /* TaskViewToday.swift in Sources */ = {isa = PBXBuildFile; fileRef = 90C3872D292EBA7800284671 /* TaskViewToday.swift */; };
		90C38730292EBB5300284671 /* TaskListToday.swift in Sources */ = {isa = PBXBuildFile; fileRef = 90C3872F292EBB5300284671 /* TaskListToday.swift */; };
		90C38732292EBEAD00284671 /* TaskViewInbox.swift in Sources */ = {isa = PBXBuildFile; fileRef = 90C38731292EBEAD00284671 /* TaskViewInbox.swift */; };
		90C38734292EBEF600284671 /* TaskViewDone.swift in Sources */ = {isa = PBXBuildFile; fileRef = 90C38733292EBEF600284671 /* TaskViewDone.swift */; };
/* End PBXBuildFile section */

/* Begin PBXFileReference section */
		9002445E29267EEE00F62852 /* ToDoist_Redesign.app */ = {isa = PBXFileReference; explicitFileType = wrapper.application; includeInIndex = 0; path = ToDoist_Redesign.app; sourceTree = BUILT_PRODUCTS_DIR; };
		9002446129267EEE00F62852 /* ToDoist_RedesignApp.swift */ = {isa = PBXFileReference; lastKnownFileType = sourcecode.swift; path = ToDoist_RedesignApp.swift; sourceTree = "<group>"; };
		9002446329267EEE00F62852 /* ContentView.swift */ = {isa = PBXFileReference; lastKnownFileType = sourcecode.swift; path = ContentView.swift; sourceTree = "<group>"; };
		9002446529267EEF00F62852 /* Assets.xcassets */ = {isa = PBXFileReference; lastKnownFileType = folder.assetcatalog; path = Assets.xcassets; sourceTree = "<group>"; };
		9002446829267EEF00F62852 /* Preview Assets.xcassets */ = {isa = PBXFileReference; lastKnownFileType = folder.assetcatalog; path = "Preview Assets.xcassets"; sourceTree = "<group>"; };
		9010B265292D3D2F00D1D1C5 /* Checkbox.swift */ = {isa = PBXFileReference; lastKnownFileType = sourcecode.swift; path = Checkbox.swift; sourceTree = "<group>"; };
		90C3872D292EBA7800284671 /* TaskViewToday.swift */ = {isa = PBXFileReference; lastKnownFileType = sourcecode.swift; path = TaskViewToday.swift; sourceTree = "<group>"; };
		90C3872F292EBB5300284671 /* TaskListToday.swift */ = {isa = PBXFileReference; lastKnownFileType = sourcecode.swift; path = TaskListToday.swift; sourceTree = "<group>"; };
		90C38731292EBEAD00284671 /* TaskViewInbox.swift */ = {isa = PBXFileReference; lastKnownFileType = sourcecode.swift; path = TaskViewInbox.swift; sourceTree = "<group>"; };
		90C38733292EBEF600284671 /* TaskViewDone.swift */ = {isa = PBXFileReference; lastKnownFileType = sourcecode.swift; path = TaskViewDone.swift; sourceTree = "<group>"; };
/* End PBXFileReference section */

/* Begin PBXFrameworksBuildPhase section */
		9002445B29267EEE00F62852 /* Frameworks */ = {
			isa = PBXFrameworksBuildPhase;
			buildActionMask = 2147483647;
			files = (
			);
			runOnlyForDeploymentPostprocessing = 0;
		};
/* End PBXFrameworksBuildPhase section */

/* Begin PBXGroup section */
		9002445529267EEE00F62852 = {
			isa = PBXGroup;
			children = (
				90C38733292EBEF600284671 /* TaskViewDone.swift */,
				90C38731292EBEAD00284671 /* TaskViewInbox.swift */,
				90C3872F292EBB5300284671 /* TaskListToday.swift */,
				90C3872D292EBA7800284671 /* TaskViewToday.swift */,
				9002446029267EEE00F62852 /* ToDoist_Redesign */,
				9002445F29267EEE00F62852 /* Products */,
			);
			sourceTree = "<group>";
		};
		9002445F29267EEE00F62852 /* Products */ = {
			isa = PBXGroup;
			children = (
				9002445E29267EEE00F62852 /* ToDoist_Redesign.app */,
			);
			name = Products;
			sourceTree = "<group>";
		};
		9002446029267EEE00F62852 /* ToDoist_Redesign */ = {
			isa = PBXGroup;
			children = (
				9002446129267EEE00F62852 /* ToDoist_RedesignApp.swift */,
				9002446329267EEE00F62852 /* ContentView.swift */,
				9010B265292D3D2F00D1D1C5 /* Checkbox.swift */,
				9002446529267EEF00F62852 /* Assets.xcassets */,
				9002446729267EEF00F62852 /* Preview Content */,
			);
			path = ToDoist_Redesign;
			sourceTree = "<group>";
		};
		9002446729267EEF00F62852 /* Preview Content */ = {
			isa = PBXGroup;
			children = (
				9002446829267EEF00F62852 /* Preview Assets.xcassets */,
			);
			path = "Preview Content";
			sourceTree = "<group>";
		};
/* End PBXGroup section */

/* Begin PBXNativeTarget section */
		9002445D29267EEE00F62852 /* ToDoist_Redesign */ = {
			isa = PBXNativeTarget;
			buildConfigurationList = 9002446C29267EEF00F62852 /* Build configuration list for PBXNativeTarget "ToDoist_Redesign" */;
			buildPhases = (
				9002445A29267EEE00F62852 /* Sources */,
				9002445B29267EEE00F62852 /* Frameworks */,
				9002445C29267EEE00F62852 /* Resources */,
			);
			buildRules = (
			);
			dependencies = (
			);
			name = ToDoist_Redesign;
			productName = ToDoist_Redesign;
			productReference = 9002445E29267EEE00F62852 /* ToDoist_Redesign.app */;
			productType = "com.apple.product-type.application";
		};
/* End PBXNativeTarget section */

/* Begin PBXProject section */
		9002445629267EEE00F62852 /* Project object */ = {
			isa = PBXProject;
			attributes = {
				BuildIndependentTargetsInParallel = 1;
				LastSwiftUpdateCheck = 1400;
				LastUpgradeCheck = 1400;
				TargetAttributes = {
					9002445D29267EEE00F62852 = {
						CreatedOnToolsVersion = 14.0;
					};
				};
			};
			buildConfigurationList = 9002445929267EEE00F62852 /* Build configuration list for PBXProject "ToDoist_Redesign" */;
			compatibilityVersion = "Xcode 14.0";
			developmentRegion = en;
			hasScannedForEncodings = 0;
			knownRegions = (
				en,
				Base,
			);
			mainGroup = 9002445529267EEE00F62852;
			productRefGroup = 9002445F29267EEE00F62852 /* Products */;
			projectDirPath = "";
			projectRoot = "";
			targets = (
				9002445D29267EEE00F62852 /* ToDoist_Redesign */,
			);
		};
/* End PBXProject section */

/* Begin PBXResourcesBuildPhase section */
		9002445C29267EEE00F62852 /* Resources */ = {
			isa = PBXResourcesBuildPhase;
			buildActionMask = 2147483647;
			files = (
				9002446929267EEF00F62852 /* Preview Assets.xcassets in Resources */,
				9002446629267EEF00F62852 /* Assets.xcassets in Resources */,
			);
			runOnlyForDeploymentPostprocessing = 0;
		};
/* End PBXResourcesBuildPhase section */

/* Begin PBXSourcesBuildPhase section */
		9002445A29267EEE00F62852 /* Sources */ = {
			isa = PBXSourcesBuildPhase;
			buildActionMask = 2147483647;
			files = (
				9002446429267EEE00F62852 /* ContentView.swift in Sources */,
				90C38734292EBEF600284671 /* TaskViewDone.swift in Sources */,
				9002446229267EEE00F62852 /* ToDoist_RedesignApp.swift in Sources */,
				9010B266292D3D2F00D1D1C5 /* Checkbox.swift in Sources */,
				90C38730292EBB5300284671 /* TaskListToday.swift in Sources */,
				90C38732292EBEAD00284671 /* TaskViewInbox.swift in Sources */,
				90C3872E292EBA7800284671 /* TaskViewToday.swift in Sources */,
			);
			runOnlyForDeploymentPostprocessing = 0;
		};
/* End PBXSourcesBuildPhase section */

/* Begin XCBuildConfiguration section */
		9002446A29267EEF00F62852 /* Debug */ = {
			isa = XCBuildConfiguration;
			buildSettings = {
				ALWAYS_SEARCH_USER_PATHS = NO;
				CLANG_ANALYZER_NONNULL = YES;
				CLANG_ANALYZER_NUMBER_OBJECT_CONVERSION = YES_AGGRESSIVE;
				CLANG_CXX_LANGUAGE_STANDARD = "gnu++20";
				CLANG_ENABLE_MODULES = YES;
				CLANG_ENABLE_OBJC_ARC = YES;
				CLANG_ENABLE_OBJC_WEAK = YES;
				CLANG_WARN_BLOCK_CAPTURE_AUTORELEASING = YES;
				CLANG_WARN_BOOL_CONVERSION = YES;
				CLANG_WARN_COMMA = YES;
				CLANG_WARN_CONSTANT_CONVERSION = YES;
				CLANG_WARN_DEPRECATED_OBJC_IMPLEMENTATIONS = YES;
				CLANG_WARN_DIRECT_OBJC_ISA_USAGE = YES_ERROR;
				CLANG_WARN_DOCUMENTATION_COMMENTS = YES;
				CLANG_WARN_EMPTY_BODY = YES;
				CLANG_WARN_ENUM_CONVERSION = YES;
				CLANG_WARN_INFINITE_RECURSION = YES;
				CLANG_WARN_INT_CONVERSION = YES;
				CLANG_WARN_NON_LITERAL_NULL_CONVERSION = YES;
				CLANG_WARN_OBJC_IMPLICIT_RETAIN_SELF = YES;
				CLANG_WARN_OBJC_LITERAL_CONVERSION = YES;
				CLANG_WARN_OBJC_ROOT_CLASS = YES_ERROR;
				CLANG_WARN_QUOTED_INCLUDE_IN_FRAMEWORK_HEADER = YES;
				CLANG_WARN_RANGE_LOOP_ANALYSIS = YES;
				CLANG_WARN_STRICT_PROTOTYPES = YES;
				CLANG_WARN_SUSPICIOUS_MOVE = YES;
				CLANG_WARN_UNGUARDED_AVAILABILITY = YES_AGGRESSIVE;
				CLANG_WARN_UNREACHABLE_CODE = YES;
				CLANG_WARN__DUPLICATE_METHOD_MATCH = YES;
				COPY_PHASE_STRIP = NO;
				DEBUG_INFORMATION_FORMAT = dwarf;
				ENABLE_STRICT_OBJC_MSGSEND = YES;
				ENABLE_TESTABILITY = YES;
				GCC_C_LANGUAGE_STANDARD = gnu11;
				GCC_DYNAMIC_NO_PIC = NO;
				GCC_NO_COMMON_BLOCKS = YES;
				GCC_OPTIMIZATION_LEVEL = 0;
				GCC_PREPROCESSOR_DEFINITIONS = (
					"DEBUG=1",
					"$(inherited)",
				);
				GCC_WARN_64_TO_32_BIT_CONVERSION = YES;
				GCC_WARN_ABOUT_RETURN_TYPE = YES_ERROR;
				GCC_WARN_UNDECLARED_SELECTOR = YES;
				GCC_WARN_UNINITIALIZED_AUTOS = YES_AGGRESSIVE;
				GCC_WARN_UNUSED_FUNCTION = YES;
				GCC_WARN_UNUSED_VARIABLE = YES;
				IPHONEOS_DEPLOYMENT_TARGET = 16.0;
				MTL_ENABLE_DEBUG_INFO = INCLUDE_SOURCE;
				MTL_FAST_MATH = YES;
				ONLY_ACTIVE_ARCH = YES;
				SDKROOT = iphoneos;
				SWIFT_ACTIVE_COMPILATION_CONDITIONS = DEBUG;
				SWIFT_OPTIMIZATION_LEVEL = "-Onone";
			};
			name = Debug;
		};
		9002446B29267EEF00F62852 /* Release */ = {
			isa = XCBuildConfiguration;
			buildSettings = {
				ALWAYS_SEARCH_USER_PATHS = NO;
				CLANG_ANALYZER_NONNULL = YES;
				CLANG_ANALYZER_NUMBER_OBJECT_CONVERSION = YES_AGGRESSIVE;
				CLANG_CXX_LANGUAGE_STANDARD = "gnu++20";
				CLANG_ENABLE_MODULES = YES;
				CLANG_ENABLE_OBJC_ARC = YES;
				CLANG_ENABLE_OBJC_WEAK = YES;
				CLANG_WARN_BLOCK_CAPTURE_AUTORELEASING = YES;
				CLANG_WARN_BOOL_CONVERSION = YES;
				CLANG_WARN_COMMA = YES;
				CLANG_WARN_CONSTANT_CONVERSION = YES;
				CLANG_WARN_DEPRECATED_OBJC_IMPLEMENTATIONS = YES;
				CLANG_WARN_DIRECT_OBJC_ISA_USAGE = YES_ERROR;
				CLANG_WARN_DOCUMENTATION_COMMENTS = YES;
				CLANG_WARN_EMPTY_BODY = YES;
				CLANG_WARN_ENUM_CONVERSION = YES;
				CLANG_WARN_INFINITE_RECURSION = YES;
				CLANG_WARN_INT_CONVERSION = YES;
				CLANG_WARN_NON_LITERAL_NULL_CONVERSION = YES;
				CLANG_WARN_OBJC_IMPLICIT_RETAIN_SELF = YES;
				CLANG_WARN_OBJC_LITERAL_CONVERSION = YES;
				CLANG_WARN_OBJC_ROOT_CLASS = YES_ERROR;
				CLANG_WARN_QUOTED_INCLUDE_IN_FRAMEWORK_HEADER = YES;
				CLANG_WARN_RANGE_LOOP_ANALYSIS = YES;
				CLANG_WARN_STRICT_PROTOTYPES = YES;
				CLANG_WARN_SUSPICIOUS_MOVE = YES;
				CLANG_WARN_UNGUARDED_AVAILABILITY = YES_AGGRESSIVE;
				CLANG_WARN_UNREACHABLE_CODE = YES;
				CLANG_WARN__DUPLICATE_METHOD_MATCH = YES;
				COPY_PHASE_STRIP = NO;
				DEBUG_INFORMATION_FORMAT = "dwarf-with-dsym";
				ENABLE_NS_ASSERTIONS = NO;
				ENABLE_STRICT_OBJC_MSGSEND = YES;
				GCC_C_LANGUAGE_STANDARD = gnu11;
				GCC_NO_COMMON_BLOCKS = YES;
				GCC_WARN_64_TO_32_BIT_CONVERSION = YES;
				GCC_WARN_ABOUT_RETURN_TYPE = YES_ERROR;
				GCC_WARN_UNDECLARED_SELECTOR = YES;
				GCC_WARN_UNINITIALIZED_AUTOS = YES_AGGRESSIVE;
				GCC_WARN_UNUSED_FUNCTION = YES;
				GCC_WARN_UNUSED_VARIABLE = YES;
				IPHONEOS_DEPLOYMENT_TARGET = 16.0;
				MTL_ENABLE_DEBUG_INFO = NO;
				MTL_FAST_MATH = YES;
				SDKROOT = iphoneos;
				SWIFT_COMPILATION_MODE = wholemodule;
				SWIFT_OPTIMIZATION_LEVEL = "-O";
				VALIDATE_PRODUCT = YES;
			};
			name = Release;
		};
		9002446D29267EEF00F62852 /* Debug */ = {
			isa = XCBuildConfiguration;
			buildSettings = {
				ASSETCATALOG_COMPILER_APPICON_NAME = AppIcon;
				ASSETCATALOG_COMPILER_GLOBAL_ACCENT_COLOR_NAME = AccentColor;
				CODE_SIGN_STYLE = Automatic;
				CURRENT_PROJECT_VERSION = 1;
				DEVELOPMENT_ASSET_PATHS = "\"ToDoist_Redesign/Preview Content\"";
				DEVELOPMENT_TEAM = HQLYRHP9AS;
				ENABLE_PREVIEWS = YES;
				GENERATE_INFOPLIST_FILE = YES;
				INFOPLIST_KEY_UIApplicationSceneManifest_Generation = YES;
				INFOPLIST_KEY_UIApplicationSupportsIndirectInputEvents = YES;
				INFOPLIST_KEY_UILaunchScreen_Generation = YES;
				INFOPLIST_KEY_UISupportedInterfaceOrientations_iPad = "UIInterfaceOrientationPortrait UIInterfaceOrientationPortraitUpsideDown UIInterfaceOrientationLandscapeLeft UIInterfaceOrientationLandscapeRight";
				INFOPLIST_KEY_UISupportedInterfaceOrientations_iPhone = UIInterfaceOrientationPortrait;
				LD_RUNPATH_SEARCH_PATHS = (
					"$(inherited)",
					"@executable_path/Frameworks",
				);
				MARKETING_VERSION = 1.0;
				PRODUCT_BUNDLE_IDENTIFIER = "ToDoist-Redesign.ToDoist-Redesign";
				PRODUCT_NAME = "$(TARGET_NAME)";
				SWIFT_EMIT_LOC_STRINGS = YES;
				SWIFT_VERSION = 5.0;
				TARGETED_DEVICE_FAMILY = "1,2";
			};
			name = Debug;
		};
		9002446E29267EEF00F62852 /* Release */ = {
			isa = XCBuildConfiguration;
			buildSettings = {
				ASSETCATALOG_COMPILER_APPICON_NAME = AppIcon;
				ASSETCATALOG_COMPILER_GLOBAL_ACCENT_COLOR_NAME = AccentColor;
				CODE_SIGN_STYLE = Automatic;
				CURRENT_PROJECT_VERSION = 1;
				DEVELOPMENT_ASSET_PATHS = "\"ToDoist_Redesign/Preview Content\"";
				DEVELOPMENT_TEAM = HQLYRHP9AS;
				ENABLE_PREVIEWS = YES;
				GENERATE_INFOPLIST_FILE = YES;
				INFOPLIST_KEY_UIApplicationSceneManifest_Generation = YES;
				INFOPLIST_KEY_UIApplicationSupportsIndirectInputEvents = YES;
				INFOPLIST_KEY_UILaunchScreen_Generation = YES;
				INFOPLIST_KEY_UISupportedInterfaceOrientations_iPad = "UIInterfaceOrientationPortrait UIInterfaceOrientationPortraitUpsideDown UIInterfaceOrientationLandscapeLeft UIInterfaceOrientationLandscapeRight";
				INFOPLIST_KEY_UISupportedInterfaceOrientations_iPhone = UIInterfaceOrientationPortrait;
				LD_RUNPATH_SEARCH_PATHS = (
					"$(inherited)",
					"@executable_path/Frameworks",
				);
				MARKETING_VERSION = 1.0;
				PRODUCT_BUNDLE_IDENTIFIER = "ToDoist-Redesign.ToDoist-Redesign";
				PRODUCT_NAME = "$(TARGET_NAME)";
				SWIFT_EMIT_LOC_STRINGS = YES;
				SWIFT_VERSION = 5.0;
				TARGETED_DEVICE_FAMILY = "1,2";
			};
			name = Release;
		};
/* End XCBuildConfiguration section */

/* Begin XCConfigurationList section */
		9002445929267EEE00F62852 /* Build configuration list for PBXProject "ToDoist_Redesign" */ = {
			isa = XCConfigurationList;
			buildConfigurations = (
				9002446A29267EEF00F62852 /* Debug */,
				9002446B29267EEF00F62852 /* Release */,
			);
			defaultConfigurationIsVisible = 0;
			defaultConfigurationName = Release;
		};
		9002446C29267EEF00F62852 /* Build configuration list for PBXNativeTarget "ToDoist_Redesign" */ = {
			isa = XCConfigurationList;
			buildConfigurations = (
				9002446D29267EEF00F62852 /* Debug */,
				9002446E29267EEF00F62852 /* Release */,
			);
			defaultConfigurationIsVisible = 0;
			defaultConfigurationName = Release;
		};
/* End XCConfigurationList section */
	};
	rootObject = 9002445629267EEE00F62852 /* Project object */;
}
